
Microsoft Visual Studio Solution File, Format Version 12.00
# Visual Studio Version 16
VisualStudioVersion = 16.0.29709.97
MinimumVisualStudioVersion = 10.0.40219.1
Project("{FAE04EC0-301F-11D3-BF4B-00C04F79EFBC}") = "FINDER", "FINDER\FINDER.csproj", "{A6380CE4-C081-4E47-9DA5-B82BA1E11BFB}"
EndProject
Project("{FAE04EC0-301F-11D3-BF4B-00C04F79EFBC}") = "DataLayer", "DataLayer\DataLayer.csproj", "{472206C4-0883-4439-8DDA-1E1BEE864C76}"
EndProject
Project("{FAE04EC0-301F-11D3-BF4B-00C04F79EFBC}") = "Finder_Forms", "Finder_Forms\Finder_Forms.csproj", "{E32C6A49-9B8A-4A73-90AE-A4CD761D5C16}"
EndProject
Global
	GlobalSection(SolutionConfigurationPlatforms) = preSolution
		Debug|Any CPU = Debug|Any CPU
		Release|Any CPU = Release|Any CPU
	EndGlobalSection
	GlobalSection(ProjectConfigurationPlatforms) = postSolution
		{A6380CE4-C081-4E47-9DA5-B82BA1E11BFB}.Debug|Any CPU.ActiveCfg = Debug|Any CPU
		{A6380CE4-C081-4E47-9DA5-B82BA1E11BFB}.Debug|Any CPU.Build.0 = Debug|Any CPU
		{A6380CE4-C081-4E47-9DA5-B82BA1E11BFB}.Release|Any CPU.ActiveCfg = Release|Any CPU
		{A6380CE4-C081-4E47-9DA5-B82BA1E11BFB}.Release|Any CPU.Build.0 = Release|Any CPU
		{472206C4-0883-4439-8DDA-1E1BEE864C76}.Debug|Any CPU.ActiveCfg = Debug|Any CPU
		{472206C4-0883-4439-8DDA-1E1BEE864C76}.Debug|Any CPU.Build.0 = Debug|Any CPU
		{472206C4-0883-4439-8DDA-1E1BEE864C76}.Release|Any CPU.ActiveCfg = Release|Any CPU
		{472206C4-0883-4439-8DDA-1E1BEE864C76}.Release|Any CPU.Build.0 = Release|Any CPU
		{E32C6A49-9B8A-4A73-90AE-A4CD761D5C16}.Debug|Any CPU.ActiveCfg = Debug|Any CPU
		{E32C6A49-9B8A-4A73-90AE-A4CD761D5C16}.Debug|Any CPU.Build.0 = Debug|Any CPU
		{E32C6A49-9B8A-4A73-90AE-A4CD761D5C16}.Release|Any CPU.ActiveCfg = Release|Any CPU
		{E32C6A49-9B8A-4A73-90AE-A4CD761D5C16}.Release|Any CPU.Build.0 = Release|Any CPU
	EndGlobalSection
	GlobalSection(SolutionProperties) = preSolution
		HideSolutionNode = FALSE
	EndGlobalSection
	GlobalSection(ExtensibilityGlobals) = postSolution
		SolutionGuid = {E13ED4CB-1821-4387-93F3-987EEE28A36C}
	EndGlobalSection
EndGlobal
